
Microsoft Visual Studio Solution File, Format Version 12.00
# Visual Studio Version 16
VisualStudioVersion = 16.0.29519.181
MinimumVisualStudioVersion = 10.0.40219.1
Project("{FAE04EC0-301F-11D3-BF4B-00C04F79EFBC}") = "WindowsFormsApp", "WindowsFormsApp\WindowsFormsApp.csproj", "{3AAD393D-B15E-4812-A6E0-FB21CA8FA3F2}"
EndProject
Global
	GlobalSection(SolutionConfigurationPlatforms) = preSolution
		Debug|Any CPU = Debug|Any CPU
		Release|Any CPU = Release|Any CPU
	EndGlobalSection
	GlobalSection(ProjectConfigurationPlatforms) = postSolution
		{3AAD393D-B15E-4812-A6E0-FB21CA8FA3F2}.Debug|Any CPU.ActiveCfg = Debug|Any CPU
		{3AAD393D-B15E-4812-A6E0-FB21CA8FA3F2}.Debug|Any CPU.Build.0 = Debug|Any CPU
		{3AAD393D-B15E-4812-A6E0-FB21CA8FA3F2}.Release|Any CPU.ActiveCfg = Release|Any CPU
		{3AAD393D-B15E-4812-A6E0-FB21CA8FA3F2}.Release|Any CPU.Build.0 = Release|Any CPU
	EndGlobalSection
	GlobalSection(SolutionProperties) = preSolution
		HideSolutionNode = FALSE
	EndGlobalSection
	GlobalSection(ExtensibilityGlobals) = postSolution
		SolutionGuid = {212F6A42-154C-4CF0-BFC3-0108B9B0A694}
	EndGlobalSection
EndGlobal
